
Microsoft Visual Studio Solution File, Format Version 12.00
# Visual Studio 15
VisualStudioVersion = 15.0.28307.1082
MinimumVisualStudioVersion = 10.0.40219.1
Project("{2150E333-8FDC-42A3-9474-1A3956D46DE8}") = "CreationalPatterns", "CreationalPatterns", "{F9166E5B-A225-4611-8A61-4B7ED67B9DD1}"
EndProject
Project("{2150E333-8FDC-42A3-9474-1A3956D46DE8}") = "BehavioralPatterns", "BehavioralPatterns", "{4E3E75C9-0A59-451D-9A4B-1E882C38660D}"
EndProject
Project("{2150E333-8FDC-42A3-9474-1A3956D46DE8}") = "StructuralPatterns", "StructuralPatterns", "{8A3EF83F-35B0-48FC-984C-3315CBE2C899}"
EndProject
Project("{2150E333-8FDC-42A3-9474-1A3956D46DE8}") = "Others", "Others", "{8E719B30-FFC1-472E-B596-2000B9748D23}"
EndProject
Project("{8BC9CEB8-8B4A-11D0-8D11-00A0C91BC942}") = "Adapter", "StructalPatterns\Adapter\Adapter.vcxproj", "{0C0D3DA9-F4CD-4433-A29C-6A2C63615DC9}"
EndProject
Project("{8BC9CEB8-8B4A-11D0-8D11-00A0C91BC942}") = "Singleton", "CreationalPatterns\Singleton\Singleton.vcxproj", "{CF3D8E16-3EA7-43C4-8923-6C8EF63C660C}"
EndProject
Project("{8BC9CEB8-8B4A-11D0-8D11-00A0C91BC942}") = "Observer", "BehavioralPatterns\Observer\Observer.vcxproj", "{D469262F-F9EE-4923-8635-6882EB8A42B9}"
EndProject
Project("{8BC9CEB8-8B4A-11D0-8D11-00A0C91BC942}") = "SimpleFactory", "Others\SimpleFactory\SimpleFactory.vcxproj", "{1F7D9B81-5E33-4095-94A2-E2D31E2E3000}"
EndProject
Project("{8BC9CEB8-8B4A-11D0-8D11-00A0C91BC942}") = "PImpl", "Others\PImpl\PImpl.vcxproj", "{9841709F-ABFE-4AF4-A049-863DADD46AEC}"
EndProject
Project("{8BC9CEB8-8B4A-11D0-8D11-00A0C91BC942}") = "FactoryMethod", "CreationalPatterns\FactoryMethod\FactoryMethod.vcxproj", "{07C78FC6-8FC0-4923-9AED-AEFC3A1CF2EA}"
EndProject
Project("{8BC9CEB8-8B4A-11D0-8D11-00A0C91BC942}") = "AbstractFactory", "CreationalPatterns\AbstractFactory\AbstractFactory.vcxproj", "{6C0337E5-2313-49F7-9151-6EF94247F9C8}"
EndProject
Project("{8BC9CEB8-8B4A-11D0-8D11-00A0C91BC942}") = "Builder", "CreationalPatterns\Builder\Builder.vcxproj", "{9A206E26-6A35-42A1-94F4-1183520B7F34}"
EndProject
Project("{8BC9CEB8-8B4A-11D0-8D11-00A0C91BC942}") = "Prototype", "CreationalPatterns\Prototype\Prototype.vcxproj", "{22EE5845-B259-4393-822E-7AF343AFC72E}"
EndProject
Global
	GlobalSection(SolutionConfigurationPlatforms) = preSolution
		Debug|x64 = Debug|x64
		Debug|x86 = Debug|x86
		Release|x64 = Release|x64
		Release|x86 = Release|x86
	EndGlobalSection
	GlobalSection(ProjectConfigurationPlatforms) = postSolution
		{0C0D3DA9-F4CD-4433-A29C-6A2C63615DC9}.Debug|x64.ActiveCfg = Debug|x64
		{0C0D3DA9-F4CD-4433-A29C-6A2C63615DC9}.Debug|x64.Build.0 = Debug|x64
		{0C0D3DA9-F4CD-4433-A29C-6A2C63615DC9}.Debug|x86.ActiveCfg = Debug|Win32
		{0C0D3DA9-F4CD-4433-A29C-6A2C63615DC9}.Debug|x86.Build.0 = Debug|Win32
		{0C0D3DA9-F4CD-4433-A29C-6A2C63615DC9}.Release|x64.ActiveCfg = Release|x64
		{0C0D3DA9-F4CD-4433-A29C-6A2C63615DC9}.Release|x64.Build.0 = Release|x64
		{0C0D3DA9-F4CD-4433-A29C-6A2C63615DC9}.Release|x86.ActiveCfg = Release|Win32
		{0C0D3DA9-F4CD-4433-A29C-6A2C63615DC9}.Release|x86.Build.0 = Release|Win32
		{CF3D8E16-3EA7-43C4-8923-6C8EF63C660C}.Debug|x64.ActiveCfg = Debug|x64
		{CF3D8E16-3EA7-43C4-8923-6C8EF63C660C}.Debug|x64.Build.0 = Debug|x64
		{CF3D8E16-3EA7-43C4-8923-6C8EF63C660C}.Debug|x86.ActiveCfg = Debug|Win32
		{CF3D8E16-3EA7-43C4-8923-6C8EF63C660C}.Debug|x86.Build.0 = Debug|Win32
		{CF3D8E16-3EA7-43C4-8923-6C8EF63C660C}.Release|x64.ActiveCfg = Release|x64
		{CF3D8E16-3EA7-43C4-8923-6C8EF63C660C}.Release|x64.Build.0 = Release|x64
		{CF3D8E16-3EA7-43C4-8923-6C8EF63C660C}.Release|x86.ActiveCfg = Release|Win32
		{CF3D8E16-3EA7-43C4-8923-6C8EF63C660C}.Release|x86.Build.0 = Release|Win32
		{D469262F-F9EE-4923-8635-6882EB8A42B9}.Debug|x64.ActiveCfg = Debug|x64
		{D469262F-F9EE-4923-8635-6882EB8A42B9}.Debug|x64.Build.0 = Debug|x64
		{D469262F-F9EE-4923-8635-6882EB8A42B9}.Debug|x86.ActiveCfg = Debug|Win32
		{D469262F-F9EE-4923-8635-6882EB8A42B9}.Debug|x86.Build.0 = Debug|Win32
		{D469262F-F9EE-4923-8635-6882EB8A42B9}.Release|x64.ActiveCfg = Release|x64
		{D469262F-F9EE-4923-8635-6882EB8A42B9}.Release|x64.Build.0 = Release|x64
		{D469262F-F9EE-4923-8635-6882EB8A42B9}.Release|x86.ActiveCfg = Release|Win32
		{D469262F-F9EE-4923-8635-6882EB8A42B9}.Release|x86.Build.0 = Release|Win32
		{1F7D9B81-5E33-4095-94A2-E2D31E2E3000}.Debug|x64.ActiveCfg = Debug|x64
		{1F7D9B81-5E33-4095-94A2-E2D31E2E3000}.Debug|x64.Build.0 = Debug|x64
		{1F7D9B81-5E33-4095-94A2-E2D31E2E3000}.Debug|x86.ActiveCfg = Debug|Win32
		{1F7D9B81-5E33-4095-94A2-E2D31E2E3000}.Debug|x86.Build.0 = Debug|Win32
		{1F7D9B81-5E33-4095-94A2-E2D31E2E3000}.Release|x64.ActiveCfg = Release|x64
		{1F7D9B81-5E33-4095-94A2-E2D31E2E3000}.Release|x64.Build.0 = Release|x64
		{1F7D9B81-5E33-4095-94A2-E2D31E2E3000}.Release|x86.ActiveCfg = Release|Win32
		{1F7D9B81-5E33-4095-94A2-E2D31E2E3000}.Release|x86.Build.0 = Release|Win32
		{9841709F-ABFE-4AF4-A049-863DADD46AEC}.Debug|x64.ActiveCfg = Debug|x64
		{9841709F-ABFE-4AF4-A049-863DADD46AEC}.Debug|x64.Build.0 = Debug|x64
		{9841709F-ABFE-4AF4-A049-863DADD46AEC}.Debug|x86.ActiveCfg = Debug|Win32
		{9841709F-ABFE-4AF4-A049-863DADD46AEC}.Debug|x86.Build.0 = Debug|Win32
		{9841709F-ABFE-4AF4-A049-863DADD46AEC}.Release|x64.ActiveCfg = Release|x64
		{9841709F-ABFE-4AF4-A049-863DADD46AEC}.Release|x64.Build.0 = Release|x64
		{9841709F-ABFE-4AF4-A049-863DADD46AEC}.Release|x86.ActiveCfg = Release|Win32
		{9841709F-ABFE-4AF4-A049-863DADD46AEC}.Release|x86.Build.0 = Release|Win32
		{07C78FC6-8FC0-4923-9AED-AEFC3A1CF2EA}.Debug|x64.ActiveCfg = Debug|x64
		{07C78FC6-8FC0-4923-9AED-AEFC3A1CF2EA}.Debug|x64.Build.0 = Debug|x64
		{07C78FC6-8FC0-4923-9AED-AEFC3A1CF2EA}.Debug|x86.ActiveCfg = Debug|Win32
		{07C78FC6-8FC0-4923-9AED-AEFC3A1CF2EA}.Debug|x86.Build.0 = Debug|Win32
		{07C78FC6-8FC0-4923-9AED-AEFC3A1CF2EA}.Release|x64.ActiveCfg = Release|x64
		{07C78FC6-8FC0-4923-9AED-AEFC3A1CF2EA}.Release|x64.Build.0 = Release|x64
		{07C78FC6-8FC0-4923-9AED-AEFC3A1CF2EA}.Release|x86.ActiveCfg = Release|Win32
		{07C78FC6-8FC0-4923-9AED-AEFC3A1CF2EA}.Release|x86.Build.0 = Release|Win32
		{6C0337E5-2313-49F7-9151-6EF94247F9C8}.Debug|x64.ActiveCfg = Debug|x64
		{6C0337E5-2313-49F7-9151-6EF94247F9C8}.Debug|x64.Build.0 = Debug|x64
		{6C0337E5-2313-49F7-9151-6EF94247F9C8}.Debug|x86.ActiveCfg = Debug|Win32
		{6C0337E5-2313-49F7-9151-6EF94247F9C8}.Debug|x86.Build.0 = Debug|Win32
		{6C0337E5-2313-49F7-9151-6EF94247F9C8}.Release|x64.ActiveCfg = Release|x64
		{6C0337E5-2313-49F7-9151-6EF94247F9C8}.Release|x64.Build.0 = Release|x64
		{6C0337E5-2313-49F7-9151-6EF94247F9C8}.Release|x86.ActiveCfg = Release|Win32
		{6C0337E5-2313-49F7-9151-6EF94247F9C8}.Release|x86.Build.0 = Release|Win32
		{9A206E26-6A35-42A1-94F4-1183520B7F34}.Debug|x64.ActiveCfg = Debug|x64
		{9A206E26-6A35-42A1-94F4-1183520B7F34}.Debug|x64.Build.0 = Debug|x64
		{9A206E26-6A35-42A1-94F4-1183520B7F34}.Debug|x86.ActiveCfg = Debug|Win32
		{9A206E26-6A35-42A1-94F4-1183520B7F34}.Debug|x86.Build.0 = Debug|Win32
		{9A206E26-6A35-42A1-94F4-1183520B7F34}.Release|x64.ActiveCfg = Release|x64
		{9A206E26-6A35-42A1-94F4-1183520B7F34}.Release|x64.Build.0 = Release|x64
		{9A206E26-6A35-42A1-94F4-1183520B7F34}.Release|x86.ActiveCfg = Release|Win32
		{9A206E26-6A35-42A1-94F4-1183520B7F34}.Release|x86.Build.0 = Release|Win32
		{22EE5845-B259-4393-822E-7AF343AFC72E}.Debug|x64.ActiveCfg = Debug|x64
		{22EE5845-B259-4393-822E-7AF343AFC72E}.Debug|x64.Build.0 = Debug|x64
		{22EE5845-B259-4393-822E-7AF343AFC72E}.Debug|x86.ActiveCfg = Debug|Win32
		{22EE5845-B259-4393-822E-7AF343AFC72E}.Debug|x86.Build.0 = Debug|Win32
		{22EE5845-B259-4393-822E-7AF343AFC72E}.Release|x64.ActiveCfg = Release|x64
		{22EE5845-B259-4393-822E-7AF343AFC72E}.Release|x64.Build.0 = Release|x64
		{22EE5845-B259-4393-822E-7AF343AFC72E}.Release|x86.ActiveCfg = Release|Win32
		{22EE5845-B259-4393-822E-7AF343AFC72E}.Release|x86.Build.0 = Release|Win32
	EndGlobalSection
	GlobalSection(SolutionProperties) = preSolution
		HideSolutionNode = FALSE
	EndGlobalSection
	GlobalSection(NestedProjects) = preSolution
		{0C0D3DA9-F4CD-4433-A29C-6A2C63615DC9} = {8A3EF83F-35B0-48FC-984C-3315CBE2C899}
		{CF3D8E16-3EA7-43C4-8923-6C8EF63C660C} = {F9166E5B-A225-4611-8A61-4B7ED67B9DD1}
		{D469262F-F9EE-4923-8635-6882EB8A42B9} = {4E3E75C9-0A59-451D-9A4B-1E882C38660D}
		{1F7D9B81-5E33-4095-94A2-E2D31E2E3000} = {8E719B30-FFC1-472E-B596-2000B9748D23}
		{9841709F-ABFE-4AF4-A049-863DADD46AEC} = {8E719B30-FFC1-472E-B596-2000B9748D23}
		{07C78FC6-8FC0-4923-9AED-AEFC3A1CF2EA} = {F9166E5B-A225-4611-8A61-4B7ED67B9DD1}
		{6C0337E5-2313-49F7-9151-6EF94247F9C8} = {F9166E5B-A225-4611-8A61-4B7ED67B9DD1}
		{9A206E26-6A35-42A1-94F4-1183520B7F34} = {F9166E5B-A225-4611-8A61-4B7ED67B9DD1}
		{22EE5845-B259-4393-822E-7AF343AFC72E} = {F9166E5B-A225-4611-8A61-4B7ED67B9DD1}
	EndGlobalSection
	GlobalSection(ExtensibilityGlobals) = postSolution
		SolutionGuid = {8BBB2CD9-B014-4A67-9A7A-271FA8F62A59}
	EndGlobalSection
EndGlobal
